
Microsoft Visual Studio Solution File, Format Version 12.00
# Visual Studio Version 16
VisualStudioVersion = 16.0.30503.244
MinimumVisualStudioVersion = 10.0.40219.1
Project("{FAE04EC0-301F-11D3-BF4B-00C04F79EFBC}") = "BankingApplication", "BankingApplication\BankingApplication.csproj", "{2F5AAE39-F87C-4C4A-A69B-9A4B7A528EA2}"
EndProject
Global
	GlobalSection(SolutionConfigurationPlatforms) = preSolution
		Debug|Any CPU = Debug|Any CPU
		Release|Any CPU = Release|Any CPU
	EndGlobalSection
	GlobalSection(ProjectConfigurationPlatforms) = postSolution
		{2F5AAE39-F87C-4C4A-A69B-9A4B7A528EA2}.Debug|Any CPU.ActiveCfg = Debug|Any CPU
		{2F5AAE39-F87C-4C4A-A69B-9A4B7A528EA2}.Debug|Any CPU.Build.0 = Debug|Any CPU
		{2F5AAE39-F87C-4C4A-A69B-9A4B7A528EA2}.Release|Any CPU.ActiveCfg = Release|Any CPU
		{2F5AAE39-F87C-4C4A-A69B-9A4B7A528EA2}.Release|Any CPU.Build.0 = Release|Any CPU
	EndGlobalSection
	GlobalSection(SolutionProperties) = preSolution
		HideSolutionNode = FALSE
	EndGlobalSection
	GlobalSection(ExtensibilityGlobals) = postSolution
		SolutionGuid = {11FD64D1-85B1-4FF0-8E58-B1BD2B243463}
	EndGlobalSection
EndGlobal
